Microsoft Visual Studio Solution File, Format Version 11.00
# Visual Studio 2008

Project("{9B3B9C92-3879-E4E2-9121-0F905336DDF8}") = "Hexmoor", "Assembly-CSharp.csproj", "{8684136D-CCAC-8A2A-D5F1-A98A2B9EEE33}"
EndProject
Global
	GlobalSection(SolutionConfigurationPlatforms) = preSolution
		Debug|Any CPU = Debug|Any CPU
		Release|Any CPU = Release|Any CPU
	EndGlobalSection
	GlobalSection(ProjectConfigurationPlatforms) = postSolution
		{8684136D-CCAC-8A2A-D5F1-A98A2B9EEE33}.Debug|Any CPU.ActiveCfg = Debug|Any CPU
		{8684136D-CCAC-8A2A-D5F1-A98A2B9EEE33}.Debug|Any CPU.Build.0 = Debug|Any CPU
		{8684136D-CCAC-8A2A-D5F1-A98A2B9EEE33}.Release|Any CPU.ActiveCfg = Release|Any CPU
		{8684136D-CCAC-8A2A-D5F1-A98A2B9EEE33}.Release|Any CPU.Build.0 = Release|Any CPU
	EndGlobalSection
	GlobalSection(SolutionProperties) = preSolution
		HideSolutionNode = FALSE
	EndGlobalSection
	GlobalSection(MonoDevelopProperties) = preSolution
		StartupItem = Assembly-CSharp.csproj
	EndGlobalSection
EndGlobal
