Microsoft Visual Studio Solution File, Format Version 11.00
# Visual Studio 2008

Project("{EAB1B7E4-12FE-4397-9F8B-4D7FBBB1F709}") = "neighborhoodModelling", "Assembly-CSharp.csproj", "{D1729DAA-F30C-C2CE-8026-4C705A909D22}"
EndProject
Global
	GlobalSection(SolutionConfigurationPlatforms) = preSolution
		Debug|Any CPU = Debug|Any CPU
		Release|Any CPU = Release|Any CPU
	EndGlobalSection
	GlobalSection(ProjectConfigurationPlatforms) = postSolution
		{D1729DAA-F30C-C2CE-8026-4C705A909D22}.Debug|Any CPU.ActiveCfg = Debug|Any CPU
		{D1729DAA-F30C-C2CE-8026-4C705A909D22}.Debug|Any CPU.Build.0 = Debug|Any CPU
		{D1729DAA-F30C-C2CE-8026-4C705A909D22}.Release|Any CPU.ActiveCfg = Release|Any CPU
		{D1729DAA-F30C-C2CE-8026-4C705A909D22}.Release|Any CPU.Build.0 = Release|Any CPU
	EndGlobalSection
	GlobalSection(SolutionProperties) = preSolution
		HideSolutionNode = FALSE
	EndGlobalSection
	GlobalSection(MonoDevelopProperties) = preSolution
		StartupItem = Assembly-CSharp.csproj
	EndGlobalSection
EndGlobal
